
Microsoft Visual Studio Solution File, Format Version 12.00
# Visual Studio Version 16
VisualStudioVersion = 16.0.30621.155
MinimumVisualStudioVersion = 10.0.40219.1
Project("{FAE04EC0-301F-11D3-BF4B-00C04F79EFBC}") = "FrontEnd", "FrontEnd\FrontEnd.csproj", "{BB87BB20-EF7F-4C6A-8EBE-E42466740CC1}"
EndProject
Global
	GlobalSection(SolutionConfigurationPlatforms) = preSolution
		Debug|Any CPU = Debug|Any CPU
		Release|Any CPU = Release|Any CPU
	EndGlobalSection
	GlobalSection(ProjectConfigurationPlatforms) = postSolution
		{BB87BB20-EF7F-4C6A-8EBE-E42466740CC1}.Debug|Any CPU.ActiveCfg = Debug|Any CPU
		{BB87BB20-EF7F-4C6A-8EBE-E42466740CC1}.Debug|Any CPU.Build.0 = Debug|Any CPU
		{BB87BB20-EF7F-4C6A-8EBE-E42466740CC1}.Release|Any CPU.ActiveCfg = Release|Any CPU
		{BB87BB20-EF7F-4C6A-8EBE-E42466740CC1}.Release|Any CPU.Build.0 = Release|Any CPU
	EndGlobalSection
	GlobalSection(SolutionProperties) = preSolution
		HideSolutionNode = FALSE
	EndGlobalSection
	GlobalSection(ExtensibilityGlobals) = postSolution
		SolutionGuid = {6847B93E-03E3-4C9E-A749-E3C9D9F4CE30}
	EndGlobalSection
EndGlobal
